
Microsoft Visual Studio Solution File, Format Version 12.00
# Visual Studio Version 17
VisualStudioVersion = 17.5.33516.290
MinimumVisualStudioVersion = 10.0.40219.1
Project("{9A19103F-16F7-4668-BE54-9A1E7A4F7556}") = "HA", "HA\HA.csproj", "{F4675A4D-373E-4C21-B77D-529E88181E5F}"
EndProject
Project("{FAE04EC0-301F-11D3-BF4B-00C04F79EFBC}") = "HADC_REBORN", "HADC_REBORN\HADC_REBORN.csproj", "{3C0F1F5F-1ADE-4CF2-A5B5-348A41ABCD84}"
EndProject
Global
	GlobalSection(SolutionConfigurationPlatforms) = preSolution
		Debug|Any CPU = Debug|Any CPU
		Release|Any CPU = Release|Any CPU
	EndGlobalSection
	GlobalSection(ProjectConfigurationPlatforms) = postSolution
		{F4675A4D-373E-4C21-B77D-529E88181E5F}.Debug|Any CPU.ActiveCfg = Debug|Any CPU
		{F4675A4D-373E-4C21-B77D-529E88181E5F}.Debug|Any CPU.Build.0 = Debug|Any CPU
		{F4675A4D-373E-4C21-B77D-529E88181E5F}.Release|Any CPU.ActiveCfg = Release|Any CPU
		{F4675A4D-373E-4C21-B77D-529E88181E5F}.Release|Any CPU.Build.0 = Release|Any CPU
		{3C0F1F5F-1ADE-4CF2-A5B5-348A41ABCD84}.Debug|Any CPU.ActiveCfg = Debug|Any CPU
		{3C0F1F5F-1ADE-4CF2-A5B5-348A41ABCD84}.Debug|Any CPU.Build.0 = Debug|Any CPU
		{3C0F1F5F-1ADE-4CF2-A5B5-348A41ABCD84}.Release|Any CPU.ActiveCfg = Release|Any CPU
		{3C0F1F5F-1ADE-4CF2-A5B5-348A41ABCD84}.Release|Any CPU.Build.0 = Release|Any CPU
	EndGlobalSection
	GlobalSection(SolutionProperties) = preSolution
		HideSolutionNode = FALSE
	EndGlobalSection
	GlobalSection(ExtensibilityGlobals) = postSolution
		SolutionGuid = {57C90D8B-40BB-41C4-973D-410B274715DB}
	EndGlobalSection
EndGlobal
