
Microsoft Visual Studio Solution File, Format Version 12.00
# Visual Studio Version 17
VisualStudioVersion = 17.2.32630.192
MinimumVisualStudioVersion = 10.0.40219.1
Project("{9A19103F-16F7-4668-BE54-9A1E7A4F7556}") = "HA_Desktop_Companion", "HA_Desktop_Companion\HA_Desktop_Companion.csproj", "{C27243E4-2C50-47DE-8846-E4CEF235275E}"
EndProject
Project("{FAE04EC0-301F-11D3-BF4B-00C04F79EFBC}") = "Sensors_Test_Ground", "Sensors_Test_Ground\Sensors_Test_Ground.csproj", "{93241CFB-3EFB-441A-894D-06655741F9A4}"
EndProject
Global
	GlobalSection(SolutionConfigurationPlatforms) = preSolution
		Debug|Any CPU = Debug|Any CPU
		Release|Any CPU = Release|Any CPU
	EndGlobalSection
	GlobalSection(ProjectConfigurationPlatforms) = postSolution
		{C27243E4-2C50-47DE-8846-E4CEF235275E}.Debug|Any CPU.ActiveCfg = Debug|Any CPU
		{C27243E4-2C50-47DE-8846-E4CEF235275E}.Debug|Any CPU.Build.0 = Debug|Any CPU
		{C27243E4-2C50-47DE-8846-E4CEF235275E}.Release|Any CPU.ActiveCfg = Release|Any CPU
		{C27243E4-2C50-47DE-8846-E4CEF235275E}.Release|Any CPU.Build.0 = Release|Any CPU
		{93241CFB-3EFB-441A-894D-06655741F9A4}.Debug|Any CPU.ActiveCfg = Debug|Any CPU
		{93241CFB-3EFB-441A-894D-06655741F9A4}.Debug|Any CPU.Build.0 = Debug|Any CPU
		{93241CFB-3EFB-441A-894D-06655741F9A4}.Release|Any CPU.ActiveCfg = Release|Any CPU
		{93241CFB-3EFB-441A-894D-06655741F9A4}.Release|Any CPU.Build.0 = Release|Any CPU
	EndGlobalSection
	GlobalSection(SolutionProperties) = preSolution
		HideSolutionNode = FALSE
	EndGlobalSection
	GlobalSection(ExtensibilityGlobals) = postSolution
		SolutionGuid = {50006BA0-9689-42A8-9CE9-AD3458D88EEF}
	EndGlobalSection
EndGlobal
